
Microsoft Visual Studio Solution File, Format Version 11.00
# Visual Studio 2010
Project("{FAE04EC0-301F-11D3-BF4B-00C04F79EFBC}") = "Assembly-CSharp", "Assembly-CSharp.csproj", "{57bd3c88-543b-1f40-083e-7e262c58995f}"
EndProject
Project("{FAE04EC0-301F-11D3-BF4B-00C04F79EFBC}") = "Assembly-CSharp-firstpass", "Assembly-CSharp-firstpass.csproj", "{fc3c18d8-4d5d-bbf8-ab67-ca387e7a5ed6}"
EndProject
Project("{FAE04EC0-301F-11D3-BF4B-00C04F79EFBC}") = "Assembly-CSharp-Editor", "Assembly-CSharp-Editor.csproj", "{faf0c7fd-4389-16a4-526a-00c9594387b1}"
EndProject
Global
	GlobalSection(SolutionConfigurationPlatforms) = preSolution
		Debug|Any CPU = Debug|Any CPU
	EndGlobalSection
	GlobalSection(ProjectConfigurationPlatforms) = postSolution
		{57bd3c88-543b-1f40-083e-7e262c58995f}.Debug|Any CPU.ActiveCfg = Debug|Any CPU
		{57bd3c88-543b-1f40-083e-7e262c58995f}.Debug|Any CPU.Build.0 = Debug|Any CPU
		{fc3c18d8-4d5d-bbf8-ab67-ca387e7a5ed6}.Debug|Any CPU.ActiveCfg = Debug|Any CPU
		{fc3c18d8-4d5d-bbf8-ab67-ca387e7a5ed6}.Debug|Any CPU.Build.0 = Debug|Any CPU
		{faf0c7fd-4389-16a4-526a-00c9594387b1}.Debug|Any CPU.ActiveCfg = Debug|Any CPU
		{faf0c7fd-4389-16a4-526a-00c9594387b1}.Debug|Any CPU.Build.0 = Debug|Any CPU
	EndGlobalSection
	GlobalSection(SolutionProperties) = preSolution
		HideSolutionNode = FALSE
	EndGlobalSection
EndGlobal
